// !$*UTF8*$!
{
	archiveVersion = 1;
	classes = {
	};
	objectVersion = 77;
	objects = {

/* Begin PBXBuildFile section */
		29793AE72E55FA0D006E1B12 /* Movie.swift in Sources */ = {isa = PBXBuildFile; fileRef = 29793AE62E55FA0D006E1B12 /* Movie.swift */; };
		29793AE92E55FC96006E1B12 /* EmptyListView.swift in Sources */ = {isa = PBXBuildFile; fileRef = 29793AE82E55FC96006E1B12 /* EmptyListView.swift */; };
		29793AEB2E55FEDF006E1B12 /* PageTabView.swift in Sources */ = {isa = PBXBuildFile; fileRef = 29793AEA2E55FEDF006E1B12 /* PageTabView.swift */; };
		299FCEFA2E54E02A0005FB1C /* Assets.xcassets in Resources */ = {isa = PBXBuildFile; fileRef = 299FCEF62E54E02A0005FB1C /* Assets.xcassets */; };
		299FCEFB2E54E02A0005FB1C /* ContentView.swift in Sources */ = {isa = PBXBuildFile; fileRef = 299FCEF72E54E02A0005FB1C /* ContentView.swift */; };
		299FCEFC2E54E02A0005FB1C /* WatchlistAppApp.swift in Sources */ = {isa = PBXBuildFile; fileRef = 299FCEF82E54E02A0005FB1C /* WatchlistAppApp.swift */; };
		299FCF022E54E0760005FB1C /* Genre.swift in Sources */ = {isa = PBXBuildFile; fileRef = 299FCF012E54E0760005FB1C /* Genre.swift */; };
/* End PBXBuildFile section */

/* Begin PBXFileReference section */
		29793AE62E55FA0D006E1B12 /* Movie.swift */ = {isa = PBXFileReference; lastKnownFileType = sourcecode.swift; path = Movie.swift; sourceTree = "<group>"; };
		29793AE82E55FC96006E1B12 /* EmptyListView.swift */ = {isa = PBXFileReference; lastKnownFileType = sourcecode.swift; name = EmptyListView.swift; path = WatchlistApp/Utility/EmptyListView.swift; sourceTree = SOURCE_ROOT; };
		29793AEA2E55FEDF006E1B12 /* PageTabView.swift */ = {isa = PBXFileReference; lastKnownFileType = sourcecode.swift; path = PageTabView.swift; sourceTree = "<group>"; };
		299FCEE82E54DFD60005FB1C /* WatchlistApp.app */ = {isa = PBXFileReference; explicitFileType = wrapper.application; includeInIndex = 0; path = WatchlistApp.app; sourceTree = BUILT_PRODUCTS_DIR; };
		299FCEF62E54E02A0005FB1C /* Assets.xcassets */ = {isa = PBXFileReference; lastKnownFileType = folder.assetcatalog; path = Assets.xcassets; sourceTree = "<group>"; };
		299FCEF72E54E02A0005FB1C /* ContentView.swift */ = {isa = PBXFileReference; lastKnownFileType = sourcecode.swift; path = ContentView.swift; sourceTree = "<group>"; };
		299FCEF82E54E02A0005FB1C /* WatchlistAppApp.swift */ = {isa = PBXFileReference; lastKnownFileType = sourcecode.swift; path = WatchlistAppApp.swift; sourceTree = "<group>"; };
		299FCF012E54E0760005FB1C /* Genre.swift */ = {isa = PBXFileReference; lastKnownFileType = sourcecode.swift; path = Genre.swift; sourceTree = "<group>"; };
/* End PBXFileReference section */

/* Begin PBXFrameworksBuildPhase section */
		299FCEE52E54DFD60005FB1C /* Frameworks */ = {
			isa = PBXFrameworksBuildPhase;
			buildActionMask = 2147483647;
			files = (
			);
			runOnlyForDeploymentPostprocessing = 0;
		};
/* End PBXFrameworksBuildPhase section */

/* Begin PBXGroup section */
		299FCEDF2E54DFD60005FB1C = {
			isa = PBXGroup;
			children = (
				299FCEF92E54E02A0005FB1C /* WatchlistApp */,
				299FCEE92E54DFD60005FB1C /* Products */,
			);
			sourceTree = "<group>";
		};
		299FCEE92E54DFD60005FB1C /* Products */ = {
			isa = PBXGroup;
			children = (
				299FCEE82E54DFD60005FB1C /* WatchlistApp.app */,
			);
			name = Products;
			sourceTree = "<group>";
		};
		299FCEF92E54E02A0005FB1C /* WatchlistApp */ = {
			isa = PBXGroup;
			children = (
				299FCF002E54E0500005FB1C /* Utility */,
				299FCEFF2E54E04B0005FB1C /* Component */,
				299FCEFE2E54E0480005FB1C /* Model */,
				299FCEF62E54E02A0005FB1C /* Assets.xcassets */,
				299FCEFD2E54E0330005FB1C /* View */,
				299FCEF82E54E02A0005FB1C /* WatchlistAppApp.swift */,
			);
			path = WatchlistApp;
			sourceTree = "<group>";
		};
		299FCEFD2E54E0330005FB1C /* View */ = {
			isa = PBXGroup;
			children = (
				29793AE82E55FC96006E1B12 /* EmptyListView.swift */,
				299FCEF72E54E02A0005FB1C /* ContentView.swift */,
			);
			path = View;
			sourceTree = "<group>";
		};
		299FCEFE2E54E0480005FB1C /* Model */ = {
			isa = PBXGroup;
			children = (
				29793AE62E55FA0D006E1B12 /* Movie.swift */,
			);
			path = Model;
			sourceTree = "<group>";
		};
		299FCEFF2E54E04B0005FB1C /* Component */ = {
			isa = PBXGroup;
			children = (
				29793AEA2E55FEDF006E1B12 /* PageTabView.swift */,
			);
			path = Component;
			sourceTree = "<group>";
		};
		299FCF002E54E0500005FB1C /* Utility */ = {
			isa = PBXGroup;
			children = (
				299FCF012E54E0760005FB1C /* Genre.swift */,
			);
			path = Utility;
			sourceTree = "<group>";
		};
/* End PBXGroup section */

/* Begin PBXNativeTarget section */
		299FCEE72E54DFD60005FB1C /* WatchlistApp */ = {
			isa = PBXNativeTarget;
			buildConfigurationList = 299FCEF32E54DFD80005FB1C /* Build configuration list for PBXNativeTarget "WatchlistApp" */;
			buildPhases = (
				299FCEE42E54DFD60005FB1C /* Sources */,
				299FCEE52E54DFD60005FB1C /* Frameworks */,
				299FCEE62E54DFD60005FB1C /* Resources */,
			);
			buildRules = (
			);
			dependencies = (
			);
			name = WatchlistApp;
			packageProductDependencies = (
			);
			productName = WatchlistApp;
			productReference = 299FCEE82E54DFD60005FB1C /* WatchlistApp.app */;
			productType = "com.apple.product-type.application";
		};
/* End PBXNativeTarget section */

/* Begin PBXProject section */
		299FCEE02E54DFD60005FB1C /* Project object */ = {
			isa = PBXProject;
			attributes = {
				BuildIndependentTargetsInParallel = 1;
				LastSwiftUpdateCheck = 1640;
				LastUpgradeCheck = 1640;
				TargetAttributes = {
					299FCEE72E54DFD60005FB1C = {
						CreatedOnToolsVersion = 16.4;
					};
				};
			};
			buildConfigurationList = 299FCEE32E54DFD60005FB1C /* Build configuration list for PBXProject "WatchlistApp" */;
			developmentRegion = en;
			hasScannedForEncodings = 0;
			knownRegions = (
				en,
				Base,
			);
			mainGroup = 299FCEDF2E54DFD60005FB1C;
			minimizedProjectReferenceProxies = 1;
			preferredProjectObjectVersion = 77;
			productRefGroup = 299FCEE92E54DFD60005FB1C /* Products */;
			projectDirPath = "";
			projectRoot = "";
			targets = (
				299FCEE72E54DFD60005FB1C /* WatchlistApp */,
			);
		};
/* End PBXProject section */

/* Begin PBXResourcesBuildPhase section */
		299FCEE62E54DFD60005FB1C /* Resources */ = {
			isa = PBXResourcesBuildPhase;
			buildActionMask = 2147483647;
			files = (
				299FCEFA2E54E02A0005FB1C /* Assets.xcassets in Resources */,
			);
			runOnlyForDeploymentPostprocessing = 0;
		};
/* End PBXResourcesBuildPhase section */

/* Begin PBXSourcesBuildPhase section */
		299FCEE42E54DFD60005FB1C /* Sources */ = {
			isa = PBXSourcesBuildPhase;
			buildActionMask = 2147483647;
			files = (
				299FCF022E54E0760005FB1C /* Genre.swift in Sources */,
				299FCEFB2E54E02A0005FB1C /* ContentView.swift in Sources */,
				29793AE72E55FA0D006E1B12 /* Movie.swift in Sources */,
				299FCEFC2E54E02A0005FB1C /* WatchlistAppApp.swift in Sources */,
				29793AE92E55FC96006E1B12 /* EmptyListView.swift in Sources */,
				29793AEB2E55FEDF006E1B12 /* PageTabView.swift in Sources */,
			);
			runOnlyForDeploymentPostprocessing = 0;
		};
/* End PBXSourcesBuildPhase section */

/* Begin XCBuildConfiguration section */
		299FCEF12E54DFD80005FB1C /* Debug */ = {
			isa = XCBuildConfiguration;
			buildSettings = {
				ALWAYS_SEARCH_USER_PATHS = NO;
				ASSETCATALOG_COMPILER_GENERATE_SWIFT_ASSET_SYMBOL_EXTENSIONS = YES;
				CLANG_ANALYZER_NONNULL = YES;
				CLANG_ANALYZER_NUMBER_OBJECT_CONVERSION = YES_AGGRESSIVE;
				CLANG_CXX_LANGUAGE_STANDARD = "gnu++20";
				CLANG_ENABLE_MODULES = YES;
				CLANG_ENABLE_OBJC_ARC = YES;
				CLANG_ENABLE_OBJC_WEAK = YES;
				CLANG_WARN_BLOCK_CAPTURE_AUTORELEASING = YES;
				CLANG_WARN_BOOL_CONVERSION = YES;
				CLANG_WARN_COMMA = YES;
				CLANG_WARN_CONSTANT_CONVERSION = YES;
				CLANG_WARN_DEPRECATED_OBJC_IMPLEMENTATIONS = YES;
				CLANG_WARN_DIRECT_OBJC_ISA_USAGE = YES_ERROR;
				CLANG_WARN_DOCUMENTATION_COMMENTS = YES;
				CLANG_WARN_EMPTY_BODY = YES;
				CLANG_WARN_ENUM_CONVERSION = YES;
				CLANG_WARN_INFINITE_RECURSION = YES;
				CLANG_WARN_INT_CONVERSION = YES;
				CLANG_WARN_NON_LITERAL_NULL_CONVERSION = YES;
				CLANG_WARN_OBJC_IMPLICIT_RETAIN_SELF = YES;
				CLANG_WARN_OBJC_LITERAL_CONVERSION = YES;
				CLANG_WARN_OBJC_ROOT_CLASS = YES_ERROR;
				CLANG_WARN_QUOTED_INCLUDE_IN_FRAMEWORK_HEADER = YES;
				CLANG_WARN_RANGE_LOOP_ANALYSIS = YES;
				CLANG_WARN_STRICT_PROTOTYPES = YES;
				CLANG_WARN_SUSPICIOUS_MOVE = YES;
				CLANG_WARN_UNGUARDED_AVAILABILITY = YES_AGGRESSIVE;
				CLANG_WARN_UNREACHABLE_CODE = YES;
				CLANG_WARN__DUPLICATE_METHOD_MATCH = YES;
				COPY_PHASE_STRIP = NO;
				DEBUG_INFORMATION_FORMAT = dwarf;
				DEVELOPMENT_TEAM = BL7L4PWZN6;
				ENABLE_STRICT_OBJC_MSGSEND = YES;
				ENABLE_TESTABILITY = YES;
				ENABLE_USER_SCRIPT_SANDBOXING = YES;
				GCC_C_LANGUAGE_STANDARD = gnu17;
				GCC_DYNAMIC_NO_PIC = NO;
				GCC_NO_COMMON_BLOCKS = YES;
				GCC_OPTIMIZATION_LEVEL = 0;
				GCC_PREPROCESSOR_DEFINITIONS = (
					"DEBUG=1",
					"$(inherited)",
				);
				GCC_WARN_64_TO_32_BIT_CONVERSION = YES;
				GCC_WARN_ABOUT_RETURN_TYPE = YES_ERROR;
				GCC_WARN_UNDECLARED_SELECTOR = YES;
				GCC_WARN_UNINITIALIZED_AUTOS = YES_AGGRESSIVE;
				GCC_WARN_UNUSED_FUNCTION = YES;
				GCC_WARN_UNUSED_VARIABLE = YES;
				IPHONEOS_DEPLOYMENT_TARGET = 18.5;
				LOCALIZATION_PREFERS_STRING_CATALOGS = YES;
				MTL_ENABLE_DEBUG_INFO = INCLUDE_SOURCE;
				MTL_FAST_MATH = YES;
				ONLY_ACTIVE_ARCH = YES;
				SDKROOT = iphoneos;
				SWIFT_ACTIVE_COMPILATION_CONDITIONS = "DEBUG $(inherited)";
				SWIFT_OPTIMIZATION_LEVEL = "-Onone";
			};
			name = Debug;
		};
		299FCEF22E54DFD80005FB1C /* Release */ = {
			isa = XCBuildConfiguration;
			buildSettings = {
				ALWAYS_SEARCH_USER_PATHS = NO;
				ASSETCATALOG_COMPILER_GENERATE_SWIFT_ASSET_SYMBOL_EXTENSIONS = YES;
				CLANG_ANALYZER_NONNULL = YES;
				CLANG_ANALYZER_NUMBER_OBJECT_CONVERSION = YES_AGGRESSIVE;
				CLANG_CXX_LANGUAGE_STANDARD = "gnu++20";
				CLANG_ENABLE_MODULES = YES;
				CLANG_ENABLE_OBJC_ARC = YES;
				CLANG_ENABLE_OBJC_WEAK = YES;
				CLANG_WARN_BLOCK_CAPTURE_AUTORELEASING = YES;
				CLANG_WARN_BOOL_CONVERSION = YES;
				CLANG_WARN_COMMA = YES;
				CLANG_WARN_CONSTANT_CONVERSION = YES;
				CLANG_WARN_DEPRECATED_OBJC_IMPLEMENTATIONS = YES;
				CLANG_WARN_DIRECT_OBJC_ISA_USAGE = YES_ERROR;
				CLANG_WARN_DOCUMENTATION_COMMENTS = YES;
				CLANG_WARN_EMPTY_BODY = YES;
				CLANG_WARN_ENUM_CONVERSION = YES;
				CLANG_WARN_INFINITE_RECURSION = YES;
				CLANG_WARN_INT_CONVERSION = YES;
				CLANG_WARN_NON_LITERAL_NULL_CONVERSION = YES;
				CLANG_WARN_OBJC_IMPLICIT_RETAIN_SELF = YES;
				CLANG_WARN_OBJC_LITERAL_CONVERSION = YES;
				CLANG_WARN_OBJC_ROOT_CLASS = YES_ERROR;
				CLANG_WARN_QUOTED_INCLUDE_IN_FRAMEWORK_HEADER = YES;
				CLANG_WARN_RANGE_LOOP_ANALYSIS = YES;
				CLANG_WARN_STRICT_PROTOTYPES = YES;
				CLANG_WARN_SUSPICIOUS_MOVE = YES;
				CLANG_WARN_UNGUARDED_AVAILABILITY = YES_AGGRESSIVE;
				CLANG_WARN_UNREACHABLE_CODE = YES;
				CLANG_WARN__DUPLICATE_METHOD_MATCH = YES;
				COPY_PHASE_STRIP = NO;
				DEBUG_INFORMATION_FORMAT = "dwarf-with-dsym";
				DEVELOPMENT_TEAM = BL7L4PWZN6;
				ENABLE_NS_ASSERTIONS = NO;
				ENABLE_STRICT_OBJC_MSGSEND = YES;
				ENABLE_USER_SCRIPT_SANDBOXING = YES;
				GCC_C_LANGUAGE_STANDARD = gnu17;
				GCC_NO_COMMON_BLOCKS = YES;
				GCC_WARN_64_TO_32_BIT_CONVERSION = YES;
				GCC_WARN_ABOUT_RETURN_TYPE = YES_ERROR;
				GCC_WARN_UNDECLARED_SELECTOR = YES;
				GCC_WARN_UNINITIALIZED_AUTOS = YES_AGGRESSIVE;
				GCC_WARN_UNUSED_FUNCTION = YES;
				GCC_WARN_UNUSED_VARIABLE = YES;
				IPHONEOS_DEPLOYMENT_TARGET = 18.5;
				LOCALIZATION_PREFERS_STRING_CATALOGS = YES;
				MTL_ENABLE_DEBUG_INFO = NO;
				MTL_FAST_MATH = YES;
				SDKROOT = iphoneos;
				SWIFT_COMPILATION_MODE = wholemodule;
				VALIDATE_PRODUCT = YES;
			};
			name = Release;
		};
		299FCEF42E54DFD80005FB1C /* Debug */ = {
			isa = XCBuildConfiguration;
			buildSettings = {
				ASSETCATALOG_COMPILER_APPICON_NAME = AppIcon;
				ASSETCATALOG_COMPILER_GLOBAL_ACCENT_COLOR_NAME = AccentColor;
				CODE_SIGN_STYLE = Automatic;
				CURRENT_PROJECT_VERSION = 1;
				DEVELOPMENT_TEAM = BL7L4PWZN6;
				ENABLE_PREVIEWS = YES;
				GENERATE_INFOPLIST_FILE = YES;
				INFOPLIST_KEY_UIApplicationSceneManifest_Generation = YES;
				INFOPLIST_KEY_UIApplicationSupportsIndirectInputEvents = YES;
				INFOPLIST_KEY_UILaunchScreen_Generation = YES;
				INFOPLIST_KEY_UISupportedInterfaceOrientations_iPad = "UIInterfaceOrientationPortrait UIInterfaceOrientationPortraitUpsideDown UIInterfaceOrientationLandscapeLeft UIInterfaceOrientationLandscapeRight";
				INFOPLIST_KEY_UISupportedInterfaceOrientations_iPhone = "UIInterfaceOrientationPortrait UIInterfaceOrientationLandscapeLeft UIInterfaceOrientationLandscapeRight";
				LD_RUNPATH_SEARCH_PATHS = (
					"$(inherited)",
					"@executable_path/Frameworks",
				);
				MARKETING_VERSION = 1.0;
				PRODUCT_BUNDLE_IDENTIFIER = com.zephyr.WatchlistApp;
				PRODUCT_NAME = "$(TARGET_NAME)";
				SWIFT_EMIT_LOC_STRINGS = YES;
				SWIFT_VERSION = 5.0;
				TARGETED_DEVICE_FAMILY = "1,2";
			};
			name = Debug;
		};
		299FCEF52E54DFD80005FB1C /* Release */ = {
			isa = XCBuildConfiguration;
			buildSettings = {
				ASSETCATALOG_COMPILER_APPICON_NAME = AppIcon;
				ASSETCATALOG_COMPILER_GLOBAL_ACCENT_COLOR_NAME = AccentColor;
				CODE_SIGN_STYLE = Automatic;
				CURRENT_PROJECT_VERSION = 1;
				DEVELOPMENT_TEAM = BL7L4PWZN6;
				ENABLE_PREVIEWS = YES;
				GENERATE_INFOPLIST_FILE = YES;
				INFOPLIST_KEY_UIApplicationSceneManifest_Generation = YES;
				INFOPLIST_KEY_UIApplicationSupportsIndirectInputEvents = YES;
				INFOPLIST_KEY_UILaunchScreen_Generation = YES;
				INFOPLIST_KEY_UISupportedInterfaceOrientations_iPad = "UIInterfaceOrientationPortrait UIInterfaceOrientationPortraitUpsideDown UIInterfaceOrientationLandscapeLeft UIInterfaceOrientationLandscapeRight";
				INFOPLIST_KEY_UISupportedInterfaceOrientations_iPhone = "UIInterfaceOrientationPortrait UIInterfaceOrientationLandscapeLeft UIInterfaceOrientationLandscapeRight";
				LD_RUNPATH_SEARCH_PATHS = (
					"$(inherited)",
					"@executable_path/Frameworks",
				);
				MARKETING_VERSION = 1.0;
				PRODUCT_BUNDLE_IDENTIFIER = com.zephyr.WatchlistApp;
				PRODUCT_NAME = "$(TARGET_NAME)";
				SWIFT_EMIT_LOC_STRINGS = YES;
				SWIFT_VERSION = 5.0;
				TARGETED_DEVICE_FAMILY = "1,2";
			};
			name = Release;
		};
/* End XCBuildConfiguration section */

/* Begin XCConfigurationList section */
		299FCEE32E54DFD60005FB1C /* Build configuration list for PBXProject "WatchlistApp" */ = {
			isa = XCConfigurationList;
			buildConfigurations = (
				299FCEF12E54DFD80005FB1C /* Debug */,
				299FCEF22E54DFD80005FB1C /* Release */,
			);
			defaultConfigurationIsVisible = 0;
			defaultConfigurationName = Release;
		};
		299FCEF32E54DFD80005FB1C /* Build configuration list for PBXNativeTarget "WatchlistApp" */ = {
			isa = XCConfigurationList;
			buildConfigurations = (
				299FCEF42E54DFD80005FB1C /* Debug */,
				299FCEF52E54DFD80005FB1C /* Release */,
			);
			defaultConfigurationIsVisible = 0;
			defaultConfigurationName = Release;
		};
/* End XCConfigurationList section */
	};
	rootObject = 299FCEE02E54DFD60005FB1C /* Project object */;
}
